
Microsoft Visual Studio Solution File, Format Version 12.00
# Visual Studio Version 17
VisualStudioVersion = 17.2.32602.215
MinimumVisualStudioVersion = 10.0.40219.1
Project("{8BC9CEB8-8B4A-11D0-8D11-00A0C91BC942}") = "GrassCutterPlusPlus", "Server\Server.vcxproj", "{F6FC7A15-08CE-40FE-A337-52AB617F2771}"
EndProject
Global
	GlobalSection(SolutionConfigurationPlatforms) = preSolution
		Debug|x64 = Debug|x64
		Release|x64 = Release|x64
	EndGlobalSection
	GlobalSection(ProjectConfigurationPlatforms) = postSolution
		{F6FC7A15-08CE-40FE-A337-52AB617F2771}.Debug|x64.ActiveCfg = Debug|x64
		{F6FC7A15-08CE-40FE-A337-52AB617F2771}.Debug|x64.Build.0 = Debug|x64
		{F6FC7A15-08CE-40FE-A337-52AB617F2771}.Release|x64.ActiveCfg = Release|x64
		{F6FC7A15-08CE-40FE-A337-52AB617F2771}.Release|x64.Build.0 = Release|x64
	EndGlobalSection
	GlobalSection(SolutionProperties) = preSolution
		HideSolutionNode = FALSE
	EndGlobalSection
	GlobalSection(ExtensibilityGlobals) = postSolution
		SolutionGuid = {F2195623-35B0-4274-AFBF-F42FC386AAD2}
	EndGlobalSection
EndGlobal
