<?xml version="1.0" encoding="utf-8"?>
<Project ToolsVersion="17.0" xmlns="http://schemas.microsoft.com/developer/msbuild/2003">
  <ItemGroup>
    <CustomBuild Include="G:\GingembreImpact-Dev\mongo-cxx-driver\CMakeFiles\a8730e1b5226ff2a2097de2a7701775c\RUN_TESTS_force.rule">
      <Filter>CMake Rules</Filter>
    </CustomBuild>
  </ItemGroup>
  <ItemGroup>
    <Filter Include="CMake Rules">
      <UniqueIdentifier>{4DF563ED-CA0B-31E3-82B5-5BFB22D70993}</UniqueIdentifier>
    </Filter>
  </ItemGroup>
</Project>
